
Microsoft Visual Studio Solution File, Format Version 12.00
# Visual Studio Version 18
VisualStudioVersion = 18.5.11723.231 stable
MinimumVisualStudioVersion = 10.0.40219.1
Project("{E24C65DC-7377-472B-9ABA-BC803B73C61A}") = "RestaurantCentral", "E:\RC\RestaurantCentral\", "{52217EB4-1E89-2C52-3984-8DF92C6D6D0F}"
	ProjectSection(WebsiteProperties) = preProject
		TargetFrameworkMoniker = ".NETFramework,Version%3Dv4.8"
		Debug.AspNetCompiler.VirtualPath = "/localhost_11822"
		Debug.AspNetCompiler.PhysicalPath = "E:\RC\RestaurantCentral\"
		Debug.AspNetCompiler.TargetPath = "PrecompiledWeb\localhost_11822\"
		Debug.AspNetCompiler.Updateable = "true"
		Debug.AspNetCompiler.ForceOverwrite = "true"
		Debug.AspNetCompiler.FixedNames = "false"
		Debug.AspNetCompiler.Debug = "True"
		Release.AspNetCompiler.VirtualPath = "/localhost_11822"
		Release.AspNetCompiler.PhysicalPath = "E:\RC\RestaurantCentral\"
		Release.AspNetCompiler.TargetPath = "PrecompiledWeb\localhost_11822\"
		Release.AspNetCompiler.Updateable = "true"
		Release.AspNetCompiler.ForceOverwrite = "true"
		Release.AspNetCompiler.FixedNames = "false"
		Release.AspNetCompiler.Debug = "False"
		VWDPort = "11822"
	EndProjectSection
EndProject
Global
	GlobalSection(SolutionConfigurationPlatforms) = preSolution
		Debug|Any CPU = Debug|Any CPU
	EndGlobalSection
	GlobalSection(ProjectConfigurationPlatforms) = postSolution
		{52217EB4-1E89-2C52-3984-8DF92C6D6D0F}.Debug|Any CPU.ActiveCfg = Debug|Any CPU
		{52217EB4-1E89-2C52-3984-8DF92C6D6D0F}.Debug|Any CPU.Build.0 = Debug|Any CPU
	EndGlobalSection
	GlobalSection(SolutionProperties) = preSolution
		HideSolutionNode = FALSE
	EndGlobalSection
	GlobalSection(ExtensibilityGlobals) = postSolution
		SolutionGuid = {F28E8D02-8D97-4ECA-AE8C-F013FFAD6E04}
	EndGlobalSection
EndGlobal
